
Microsoft Visual Studio Solution File, Format Version 12.00
# Visual Studio Version 16
VisualStudioVersion = 16.0.30717.126
MinimumVisualStudioVersion = 10.0.40219.1
Project("{FAE04EC0-301F-11D3-BF4B-00C04F79EFBC}") = "HomeWorkCSharp3", "HomeWorkCSharp3.csproj", "{20E0716D-C099-42DA-AF9F-F273BD9F28BE}"
EndProject
Global
	GlobalSection(SolutionConfigurationPlatforms) = preSolution
		Debug|Any CPU = Debug|Any CPU
		Release|Any CPU = Release|Any CPU
	EndGlobalSection
	GlobalSection(ProjectConfigurationPlatforms) = postSolution
		{20E0716D-C099-42DA-AF9F-F273BD9F28BE}.Debug|Any CPU.ActiveCfg = Debug|Any CPU
		{20E0716D-C099-42DA-AF9F-F273BD9F28BE}.Debug|Any CPU.Build.0 = Debug|Any CPU
		{20E0716D-C099-42DA-AF9F-F273BD9F28BE}.Release|Any CPU.ActiveCfg = Release|Any CPU
		{20E0716D-C099-42DA-AF9F-F273BD9F28BE}.Release|Any CPU.Build.0 = Release|Any CPU
	EndGlobalSection
	GlobalSection(SolutionProperties) = preSolution
		HideSolutionNode = FALSE
	EndGlobalSection
	GlobalSection(ExtensibilityGlobals) = postSolution
		SolutionGuid = {8576CF49-FECE-4B9E-8542-0DDC17BC7A6A}
	EndGlobalSection
EndGlobal
